
Microsoft Visual Studio Solution File, Format Version 12.00
# Visual Studio Version 17
VisualStudioVersion = 17.5.33627.172
MinimumVisualStudioVersion = 10.0.40219.1
Project("{9A19103F-16F7-4668-BE54-9A1E7A4F7556}") = "RentACarDomein", "RentACar\RentACarDomein.csproj", "{FC1B33DA-8AB3-4D85-855B-DE4F7936A4EB}"
EndProject
Project("{9A19103F-16F7-4668-BE54-9A1E7A4F7556}") = "WpfRentACar", "WpfRentACar\WpfRentACar.csproj", "{A1B01A30-9714-42E9-9CB2-4596C29D58FD}"
EndProject
Project("{2150E333-8FDC-42A3-9474-1A3956D46DE8}") = "DomeinLaag", "DomeinLaag", "{C606720A-CD36-497C-BDFA-2E6B79AE6ED6}"
EndProject
Project("{2150E333-8FDC-42A3-9474-1A3956D46DE8}") = "UnitTesten", "UnitTesten", "{86B13A91-6DDB-4007-86E5-794F1BF222FE}"
EndProject
Project("{9A19103F-16F7-4668-BE54-9A1E7A4F7556}") = "RentACarTest", "RentACarTest\RentACarTest.csproj", "{684BCD6C-01A4-4569-BC37-C362BDC75A62}"
EndProject
Project("{2150E333-8FDC-42A3-9474-1A3956D46DE8}") = "DataLaag", "DataLaag", "{A25A57A0-68BF-4765-9DDD-3FDEBD5B6266}"
EndProject
Project("{9A19103F-16F7-4668-BE54-9A1E7A4F7556}") = "RentACarDatabank", "RentACarDatabank\RentACarDatabank.csproj", "{D30C580D-172B-42A2-AF3E-0CFF116A3545}"
EndProject
Global
	GlobalSection(SolutionConfigurationPlatforms) = preSolution
		Debug|Any CPU = Debug|Any CPU
		Release|Any CPU = Release|Any CPU
	EndGlobalSection
	GlobalSection(ProjectConfigurationPlatforms) = postSolution
		{FC1B33DA-8AB3-4D85-855B-DE4F7936A4EB}.Debug|Any CPU.ActiveCfg = Debug|Any CPU
		{FC1B33DA-8AB3-4D85-855B-DE4F7936A4EB}.Debug|Any CPU.Build.0 = Debug|Any CPU
		{FC1B33DA-8AB3-4D85-855B-DE4F7936A4EB}.Release|Any CPU.ActiveCfg = Release|Any CPU
		{FC1B33DA-8AB3-4D85-855B-DE4F7936A4EB}.Release|Any CPU.Build.0 = Release|Any CPU
		{A1B01A30-9714-42E9-9CB2-4596C29D58FD}.Debug|Any CPU.ActiveCfg = Debug|Any CPU
		{A1B01A30-9714-42E9-9CB2-4596C29D58FD}.Debug|Any CPU.Build.0 = Debug|Any CPU
		{A1B01A30-9714-42E9-9CB2-4596C29D58FD}.Release|Any CPU.ActiveCfg = Release|Any CPU
		{A1B01A30-9714-42E9-9CB2-4596C29D58FD}.Release|Any CPU.Build.0 = Release|Any CPU
		{684BCD6C-01A4-4569-BC37-C362BDC75A62}.Debug|Any CPU.ActiveCfg = Debug|Any CPU
		{684BCD6C-01A4-4569-BC37-C362BDC75A62}.Debug|Any CPU.Build.0 = Debug|Any CPU
		{684BCD6C-01A4-4569-BC37-C362BDC75A62}.Release|Any CPU.ActiveCfg = Release|Any CPU
		{684BCD6C-01A4-4569-BC37-C362BDC75A62}.Release|Any CPU.Build.0 = Release|Any CPU
		{D30C580D-172B-42A2-AF3E-0CFF116A3545}.Debug|Any CPU.ActiveCfg = Debug|Any CPU
		{D30C580D-172B-42A2-AF3E-0CFF116A3545}.Debug|Any CPU.Build.0 = Debug|Any CPU
		{D30C580D-172B-42A2-AF3E-0CFF116A3545}.Release|Any CPU.ActiveCfg = Release|Any CPU
		{D30C580D-172B-42A2-AF3E-0CFF116A3545}.Release|Any CPU.Build.0 = Release|Any CPU
	EndGlobalSection
	GlobalSection(SolutionProperties) = preSolution
		HideSolutionNode = FALSE
	EndGlobalSection
	GlobalSection(NestedProjects) = preSolution
		{FC1B33DA-8AB3-4D85-855B-DE4F7936A4EB} = {C606720A-CD36-497C-BDFA-2E6B79AE6ED6}
		{684BCD6C-01A4-4569-BC37-C362BDC75A62} = {86B13A91-6DDB-4007-86E5-794F1BF222FE}
		{D30C580D-172B-42A2-AF3E-0CFF116A3545} = {A25A57A0-68BF-4765-9DDD-3FDEBD5B6266}
	EndGlobalSection
	GlobalSection(ExtensibilityGlobals) = postSolution
		SolutionGuid = {BF3E9D96-295D-4074-BC4B-E6B055C9EC61}
	EndGlobalSection
EndGlobal
